
Microsoft Visual Studio Solution File, Format Version 12.00
# Visual Studio Version 16
VisualStudioVersion = 16.0.29613.14
MinimumVisualStudioVersion = 10.0.40219.1
Project("{FAE04EC0-301F-11D3-BF4B-00C04F79EFBC}") = "Binary Search Tree", "Binary Search Tree.csproj", "{D5EAD1B1-4293-4DE6-8ED3-0AE38B0C27F2}"
EndProject
Global
	GlobalSection(SolutionConfigurationPlatforms) = preSolution
		Debug|Any CPU = Debug|Any CPU
		Release|Any CPU = Release|Any CPU
	EndGlobalSection
	GlobalSection(ProjectConfigurationPlatforms) = postSolution
		{D5EAD1B1-4293-4DE6-8ED3-0AE38B0C27F2}.Debug|Any CPU.ActiveCfg = Debug|Any CPU
		{D5EAD1B1-4293-4DE6-8ED3-0AE38B0C27F2}.Debug|Any CPU.Build.0 = Debug|Any CPU
		{D5EAD1B1-4293-4DE6-8ED3-0AE38B0C27F2}.Release|Any CPU.ActiveCfg = Release|Any CPU
		{D5EAD1B1-4293-4DE6-8ED3-0AE38B0C27F2}.Release|Any CPU.Build.0 = Release|Any CPU
	EndGlobalSection
	GlobalSection(SolutionProperties) = preSolution
		HideSolutionNode = FALSE
	EndGlobalSection
	GlobalSection(ExtensibilityGlobals) = postSolution
		SolutionGuid = {DCDF9ABB-3C4D-471C-B63B-C9C9D4EA52EA}
	EndGlobalSection
EndGlobal
